{
  "name": "serverless-prs-github",
  "version": "1.0.0",
  "lockfileVersion": 2,
  "requires": true,
  "packages": {
    "": {
      "version": "1.0.0",
      "license": "AGPL-3.0",
      "dependencies": {
        "@octokit/rest": "^18.0.9",
        "fs-extra": "^9.0.1",
        "simple-git": "^2.23.0"
      }
    },
    "node_modules/@kwsites/file-exists": {
      "version": "1.1.1",
      "resolved": "https://registry.npmjs.org/@kwsites/file-exists/-/file-exists-1.1.1.tgz",
      "integrity": "sha512-m9/5YGR18lIwxSFDwfE3oA7bWuq9kdau6ugN4H2rJeyhFQZcG9AgSHkQtSD15a8WvTgfz9aikZMrKPHvbpqFiw==",
      "dependencies": {
        "debug": "^4.1.1"
      }
    },
    "node_modules/@kwsites/promise-deferred": {
      "version": "1.1.1",
      "resolved": "https://registry.npmjs.org/@kwsites/promise-deferred/-/promise-deferred-1.1.1.tgz",
      "integrity": "sha512-GaHYm+c0O9MjZRu0ongGBRbinu8gVAMd2UZjji6jVmqKtZluZnptXGWhz1E8j8D2HJ3f/yMxKAUC0b+57wncIw=="
    },
    "node_modules/@octokit/auth-token": {
      "version": "2.4.3",
      "resolved": "https://registry.npmjs.org/@octokit/auth-token/-/auth-token-2.4.3.tgz",
      "integrity": "sha512-fdGoOQ3kQJh+hrilc0Plg50xSfaCKOeYN9t6dpJKXN9BxhhfquL0OzoQXg3spLYymL5rm29uPeI3KEXRaZQ9zg==",
      "dependencies": {
        "@octokit/types": "^5.0.0"
      }
    },
    "node_modules/@octokit/core": {
      "version": "3.2.1",
      "resolved": "https://registry.npmjs.org/@octokit/core/-/core-3.2.1.tgz",
      "integrity": "sha512-XfFSDDwv6tclUenS0EmB6iA7u+4aOHBT1Lz4PtQNQQg3hBbNaR/+Uv5URU+egeIuuGAiMRiDyY92G4GBOWOqDA==",
      "dependencies": {
        "@octokit/auth-token": "^2.4.0",
        "@octokit/graphql": "^4.3.1",
        "@octokit/request": "^5.4.0",
        "@octokit/types": "^5.0.0",
        "before-after-hook": "^2.1.0",
        "universal-user-agent": "^6.0.0"
      }
    },
    "node_modules/@octokit/endpoint": {
      "version": "6.0.9",
      "resolved": "https://registry.npmjs.org/@octokit/endpoint/-/endpoint-6.0.9.tgz",
      "integrity": "sha512-3VPLbcCuqji4IFTclNUtGdp9v7g+nspWdiCUbK3+iPMjJCZ6LEhn1ts626bWLOn0GiDb6j+uqGvPpqLnY7pBgw==",
      "dependencies": {
        "@octokit/types": "^5.0.0",
        "is-plain-object": "^5.0.0",
        "universal-user-agent": "^6.0.0"
      }
    },
    "node_modules/@octokit/graphql": {
      "version": "4.5.7",
      "resolved": "https://registry.npmjs.org/@octokit/graphql/-/graphql-4.5.7.tgz",
      "integrity": "sha512-Gk0AR+DcwIK/lK/GX+OQ99UqtenQhcbrhHHfOYlrCQe17ADnX3EKAOKRsAZ9qZvpi5MuwWm/Nm+9aO2kTDSdyA==",
      "dependencies": {
        "@octokit/request": "^5.3.0",
        "@octokit/types": "^5.0.0",
        "universal-user-agent": "^6.0.0"
      }
    },
    "node_modules/@octokit/plugin-paginate-rest": {
      "version": "2.6.0",
      "resolved": "https://registry.npmjs.org/@octokit/plugin-paginate-rest/-/plugin-paginate-rest-2.6.0.tgz",
      "integrity": "sha512-o+O8c1PqsC5++BHXfMZabRRsBIVb34tXPWyQLyp2IXq5MmkxdipS7TXM4Y9ldL1PzY9CTrCsn/lzFFJGM3oRRA==",
      "dependencies": {
        "@octokit/types": "^5.5.0"
      },
      "peerDependencies": {
        "@octokit/core": ">=2"
      }
    },
    "node_modules/@octokit/plugin-request-log": {
      "version": "1.0.2",
      "resolved": "https://registry.npmjs.org/@octokit/plugin-request-log/-/plugin-request-log-1.0.2.tgz",
      "integrity": "sha512-oTJSNAmBqyDR41uSMunLQKMX0jmEXbwD1fpz8FG27lScV3RhtGfBa1/BBLym+PxcC16IBlF7KH9vP1BUYxA+Eg==",
      "peerDependencies": {
        "@octokit/core": ">=3"
      }
    },
    "node_modules/@octokit/plugin-rest-endpoint-methods": {
      "version": "4.2.1",
      "resolved": "https://registry.npmjs.org/@octokit/plugin-rest-endpoint-methods/-/plugin-rest-endpoint-methods-4.2.1.tgz",
      "integrity": "sha512-QyFr4Bv807Pt1DXZOC5a7L5aFdrwz71UHTYoHVajYV5hsqffWm8FUl9+O7nxRu5PDMtB/IKrhFqTmdBTK5cx+A==",
      "dependencies": {
        "@octokit/types": "^5.5.0",
        "deprecation": "^2.3.1"
      }
    },
    "node_modules/@octokit/request": {
      "version": "5.4.10",
      "resolved": "https://registry.npmjs.org/@octokit/request/-/request-5.4.10.tgz",
      "integrity": "sha512-egA49HkqEORVGDZGav1mh+VD+7uLgOxtn5oODj6guJk0HCy+YBSYapFkSLFgeYj3Fr18ZULKGURkjyhkAChylw==",
      "dependencies": {
        "@octokit/endpoint": "^6.0.1",
        "@octokit/request-error": "^2.0.0",
        "@octokit/types": "^5.0.0",
        "deprecation": "^2.0.0",
        "is-plain-object": "^5.0.0",
        "node-fetch": "^2.6.1",
        "once": "^1.4.0",
        "universal-user-agent": "^6.0.0"
      }
    },
    "node_modules/@octokit/request-error": {
      "version": "2.0.3",
      "resolved": "https://registry.npmjs.org/@octokit/request-error/-/request-error-2.0.3.tgz",
      "integrity": "sha512-GgD5z8Btm301i2zfvJLk/mkhvGCdjQ7wT8xF9ov5noQY8WbKZDH9cOBqXzoeKd1mLr1xH2FwbtGso135zGBgTA==",
      "dependencies": {
        "@octokit/types": "^5.0.1",
        "deprecation": "^2.0.0",
        "once": "^1.4.0"
      }
    },
    "node_modules/@octokit/rest": {
      "version": "18.0.9",
      "resolved": "https://registry.npmjs.org/@octokit/rest/-/rest-18.0.9.tgz",
      "integrity": "sha512-CC5+cIx974Ygx9lQNfUn7/oXDQ9kqGiKUC6j1A9bAVZZ7aoTF8K6yxu0pQhQrLBwSl92J6Z3iVDhGhGFgISCZg==",
      "dependencies": {
        "@octokit/core": "^3.0.0",
        "@octokit/plugin-paginate-rest": "^2.2.0",
        "@octokit/plugin-request-log": "^1.0.0",
        "@octokit/plugin-rest-endpoint-methods": "4.2.1"
      }
    },
    "node_modules/@octokit/types": {
      "version": "5.5.0",
      "resolved": "https://registry.npmjs.org/@octokit/types/-/types-5.5.0.tgz",
      "integrity": "sha512-UZ1pErDue6bZNjYOotCNveTXArOMZQFG6hKJfOnGnulVCMcVVi7YIIuuR4WfBhjo7zgpmzn/BkPDnUXtNx+PcQ==",
      "dependencies": {
        "@types/node": ">= 8"
      }
    },
    "node_modules/@types/node": {
      "version": "14.14.9",
      "resolved": "https://registry.npmjs.org/@types/node/-/node-14.14.9.tgz",
      "integrity": "sha512-JsoLXFppG62tWTklIoO4knA+oDTYsmqWxHRvd4lpmfQRNhX6osheUOWETP2jMoV/2bEHuMra8Pp3Dmo/stBFcw=="
    },
    "node_modules/at-least-node": {
      "version": "1.0.0",
      "resolved": "https://registry.npmjs.org/at-least-node/-/at-least-node-1.0.0.tgz",
      "integrity": "sha512-+q/t7Ekv1EDY2l6Gda6LLiX14rU9TV20Wa3ofeQmwPFZbOMo9DXrLbOjFaaclkXKWidIaopwAObQDqwWtGUjqg==",
      "engines": {
        "node": ">= 4.0.0"
      }
    },
    "node_modules/before-after-hook": {
      "version": "2.1.0",
      "resolved": "https://registry.npmjs.org/before-after-hook/-/before-after-hook-2.1.0.tgz",
      "integrity": "sha512-IWIbu7pMqyw3EAJHzzHbWa85b6oud/yfKYg5rqB5hNE8CeMi3nX+2C2sj0HswfblST86hpVEOAb9x34NZd6P7A=="
    },
    "node_modules/debug": {
      "version": "4.3.1",
      "resolved": "https://registry.npmjs.org/debug/-/debug-4.3.1.tgz",
      "integrity": "sha512-doEwdvm4PCeK4K3RQN2ZC2BYUBaxwLARCqZmMjtF8a51J2Rb0xpVloFRnCODwqjpwnAoao4pelN8l3RJdv3gRQ==",
      "dependencies": {
        "ms": "2.1.2"
      },
      "engines": {
        "node": ">=6.0"
      },
      "peerDependenciesMeta": {
        "supports-color": {
          "optional": true
        }
      }
    },
    "node_modules/deprecation": {
      "version": "2.3.1",
      "resolved": "https://registry.npmjs.org/deprecation/-/deprecation-2.3.1.tgz",
      "integrity": "sha512-xmHIy4F3scKVwMsQ4WnVaS8bHOx0DmVwRywosKhaILI0ywMDWPtBSku2HNxRvF7jtwDRsoEwYQSfbxj8b7RlJQ=="
    },
    "node_modules/fs-extra": {
      "version": "9.0.1",
      "resolved": "https://registry.npmjs.org/fs-extra/-/fs-extra-9.0.1.tgz",
      "integrity": "sha512-h2iAoN838FqAFJY2/qVpzFXy+EBxfVE220PalAqQLDVsFOHLJrZvut5puAbCdNv6WJk+B8ihI+k0c7JK5erwqQ==",
      "dependencies": {
        "at-least-node": "^1.0.0",
        "graceful-fs": "^4.2.0",
        "jsonfile": "^6.0.1",
        "universalify": "^1.0.0"
      },
      "engines": {
        "node": ">=10"
      }
    },
    "node_modules/graceful-fs": {
      "version": "4.2.4",
      "resolved": "https://registry.npmjs.org/graceful-fs/-/graceful-fs-4.2.4.tgz",
      "integrity": "sha512-WjKPNJF79dtJAVniUlGGWHYGz2jWxT6VhN/4m1NdkbZ2nOsEF+cI1Edgql5zCRhs/VsQYRvrXctxktVXZUkixw=="
    },
    "node_modules/is-plain-object": {
      "version": "5.0.0",
      "resolved": "https://registry.npmjs.org/is-plain-object/-/is-plain-object-5.0.0.tgz",
      "integrity": "sha512-VRSzKkbMm5jMDoKLbltAkFQ5Qr7VDiTFGXxYFXXowVj387GeGNOCsOH6Msy00SGZ3Fp84b1Naa1psqgcCIEP5Q==",
      "engines": {
        "node": ">=0.10.0"
      }
    },
    "node_modules/jsonfile": {
      "version": "6.1.0",
      "resolved": "https://registry.npmjs.org/jsonfile/-/jsonfile-6.1.0.tgz",
      "integrity": "sha512-5dgndWOriYSm5cnYaJNhalLNDKOqFwyDB/rr1E9ZsGciGvKPs8R2xYGCacuf3z6K1YKDz182fd+fY3cn3pMqXQ==",
      "dependencies": {
        "graceful-fs": "^4.1.6",
        "universalify": "^2.0.0"
      },
      "optionalDependencies": {
        "graceful-fs": "^4.1.6"
      }
    },
    "node_modules/jsonfile/node_modules/universalify": {
      "version": "2.0.0",
      "resolved": "https://registry.npmjs.org/universalify/-/universalify-2.0.0.tgz",
      "integrity": "sha512-hAZsKq7Yy11Zu1DE0OzWjw7nnLZmJZYTDZZyEFHZdUhV8FkH5MCfoU1XMaxXovpyW5nq5scPqq0ZDP9Zyl04oQ==",
      "engines": {
        "node": ">= 10.0.0"
      }
    },
    "node_modules/ms": {
      "version": "2.1.2",
      "resolved": "https://registry.npmjs.org/ms/-/ms-2.1.2.tgz",
      "integrity": "sha512-sGkPx+VjMtmA6MX27oA4FBFELFCZZ4S4XqeGOXCv68tT+jb3vk/RyaKWP0PTKyWtmLSM0b+adUTEvbs1PEaH2w=="
    },
    "node_modules/node-fetch": {
      "version": "2.6.1",
      "resolved": "https://registry.npmjs.org/node-fetch/-/node-fetch-2.6.1.tgz",
      "integrity": "sha512-V4aYg89jEoVRxRb2fJdAg8FHvI7cEyYdVAh94HH0UIK8oJxUfkjlDQN9RbMx+bEjP7+ggMiFRprSti032Oipxw==",
      "engines": {
        "node": "4.x || >=6.0.0"
      }
    },
    "node_modules/once": {
      "version": "1.4.0",
      "resolved": "https://registry.npmjs.org/once/-/once-1.4.0.tgz",
      "integrity": "sha1-WDsap3WWHUsROsF9nFC6753Xa9E=",
      "dependencies": {
        "wrappy": "1"
      }
    },
    "node_modules/simple-git": {
      "version": "2.23.0",
      "resolved": "https://registry.npmjs.org/simple-git/-/simple-git-2.23.0.tgz",
      "integrity": "sha512-s/gEkxFV2WGTN4kO1uQoA4cE4rq0FRzQPR5Yhgg8JUuA4IhOeccjlKSFhwF3rrpo7797ZvQc7L6hJJNA4szHCw==",
      "dependencies": {
        "@kwsites/file-exists": "^1.1.1",
        "@kwsites/promise-deferred": "^1.1.1",
        "debug": "^4.3.1"
      }
    },
    "node_modules/universal-user-agent": {
      "version": "6.0.0",
      "resolved": "https://registry.npmjs.org/universal-user-agent/-/universal-user-agent-6.0.0.tgz",
      "integrity": "sha512-isyNax3wXoKaulPDZWHQqbmIx1k2tb9fb3GGDBRxCscfYV2Ch7WxPArBsFEG8s/safwXTT7H4QGhaIkTp9447w=="
    },
    "node_modules/universalify": {
      "version": "1.0.0",
      "resolved": "https://registry.npmjs.org/universalify/-/universalify-1.0.0.tgz",
      "integrity": "sha512-rb6X1W158d7pRQBg5gkR8uPaSfiids68LTJQYOtEUhoJUWBdaQHsuT/EUduxXYxcrt4r5PJ4fuHW1MHT6p0qug==",
      "engines": {
        "node": ">= 10.0.0"
      }
    },
    "node_modules/wrappy": {
      "version": "1.0.2",
      "resolved": "https://registry.npmjs.org/wrappy/-/wrappy-1.0.2.tgz",
      "integrity": "sha1-tSQ9jz7BqjXxNkYFvA0QNuMKtp8="
    }
  },
  "dependencies": {
    "@kwsites/file-exists": {
      "version": "1.1.1",
      "resolved": "https://registry.npmjs.org/@kwsites/file-exists/-/file-exists-1.1.1.tgz",
      "integrity": "sha512-m9/5YGR18lIwxSFDwfE3oA7bWuq9kdau6ugN4H2rJeyhFQZcG9AgSHkQtSD15a8WvTgfz9aikZMrKPHvbpqFiw==",
      "requires": {
        "debug": "^4.1.1"
      }
    },
    "@kwsites/promise-deferred": {
      "version": "1.1.1",
      "resolved": "https://registry.npmjs.org/@kwsites/promise-deferred/-/promise-deferred-1.1.1.tgz",
      "integrity": "sha512-GaHYm+c0O9MjZRu0ongGBRbinu8gVAMd2UZjji6jVmqKtZluZnptXGWhz1E8j8D2HJ3f/yMxKAUC0b+57wncIw=="
    },
    "@octokit/auth-token": {
      "version": "2.4.3",
      "resolved": "https://registry.npmjs.org/@octokit/auth-token/-/auth-token-2.4.3.tgz",
      "integrity": "sha512-fdGoOQ3kQJh+hrilc0Plg50xSfaCKOeYN9t6dpJKXN9BxhhfquL0OzoQXg3spLYymL5rm29uPeI3KEXRaZQ9zg==",
      "requires": {
        "@octokit/types": "^5.0.0"
      }
    },
    "@octokit/core": {
      "version": "3.2.1",
      "resolved": "https://registry.npmjs.org/@octokit/core/-/core-3.2.1.tgz",
      "integrity": "sha512-XfFSDDwv6tclUenS0EmB6iA7u+4aOHBT1Lz4PtQNQQg3hBbNaR/+Uv5URU+egeIuuGAiMRiDyY92G4GBOWOqDA==",
      "requires": {
        "@octokit/auth-token": "^2.4.0",
        "@octokit/graphql": "^4.3.1",
        "@octokit/request": "^5.4.0",
        "@octokit/types": "^5.0.0",
        "before-after-hook": "^2.1.0",
        "universal-user-agent": "^6.0.0"
      }
    },
    "@octokit/endpoint": {
      "version": "6.0.9",
      "resolved": "https://registry.npmjs.org/@octokit/endpoint/-/endpoint-6.0.9.tgz",
      "integrity": "sha512-3VPLbcCuqji4IFTclNUtGdp9v7g+nspWdiCUbK3+iPMjJCZ6LEhn1ts626bWLOn0GiDb6j+uqGvPpqLnY7pBgw==",
      "requires": {
        "@octokit/types": "^5.0.0",
        "is-plain-object": "^5.0.0",
        "universal-user-agent": "^6.0.0"
      }
    },
    "@octokit/graphql": {
      "version": "4.5.7",
      "resolved": "https://registry.npmjs.org/@octokit/graphql/-/graphql-4.5.7.tgz",
      "integrity": "sha512-Gk0AR+DcwIK/lK/GX+OQ99UqtenQhcbrhHHfOYlrCQe17ADnX3EKAOKRsAZ9qZvpi5MuwWm/Nm+9aO2kTDSdyA==",
      "requires": {
        "@octokit/request": "^5.3.0",
        "@octokit/types": "^5.0.0",
        "universal-user-agent": "^6.0.0"
      }
    },
    "@octokit/plugin-paginate-rest": {
      "version": "2.6.0",
      "resolved": "https://registry.npmjs.org/@octokit/plugin-paginate-rest/-/plugin-paginate-rest-2.6.0.tgz",
      "integrity": "sha512-o+O8c1PqsC5++BHXfMZabRRsBIVb34tXPWyQLyp2IXq5MmkxdipS7TXM4Y9ldL1PzY9CTrCsn/lzFFJGM3oRRA==",
      "requires": {
        "@octokit/types": "^5.5.0"
      }
    },
    "@octokit/plugin-request-log": {
      "version": "1.0.2",
      "resolved": "https://registry.npmjs.org/@octokit/plugin-request-log/-/plugin-request-log-1.0.2.tgz",
      "integrity": "sha512-oTJSNAmBqyDR41uSMunLQKMX0jmEXbwD1fpz8FG27lScV3RhtGfBa1/BBLym+PxcC16IBlF7KH9vP1BUYxA+Eg==",
      "requires": {}
    },
    "@octokit/plugin-rest-endpoint-methods": {
      "version": "4.2.1",
      "resolved": "https://registry.npmjs.org/@octokit/plugin-rest-endpoint-methods/-/plugin-rest-endpoint-methods-4.2.1.tgz",
      "integrity": "sha512-QyFr4Bv807Pt1DXZOC5a7L5aFdrwz71UHTYoHVajYV5hsqffWm8FUl9+O7nxRu5PDMtB/IKrhFqTmdBTK5cx+A==",
      "requires": {
        "@octokit/types": "^5.5.0",
        "deprecation": "^2.3.1"
      }
    },
    "@octokit/request": {
      "version": "5.4.10",
      "resolved": "https://registry.npmjs.org/@octokit/request/-/request-5.4.10.tgz",
      "integrity": "sha512-egA49HkqEORVGDZGav1mh+VD+7uLgOxtn5oODj6guJk0HCy+YBSYapFkSLFgeYj3Fr18ZULKGURkjyhkAChylw==",
      "requires": {
        "@octokit/endpoint": "^6.0.1",
        "@octokit/request-error": "^2.0.0",
        "@octokit/types": "^5.0.0",
        "deprecation": "^2.0.0",
        "is-plain-object": "^5.0.0",
        "node-fetch": "^2.6.1",
        "once": "^1.4.0",
        "universal-user-agent": "^6.0.0"
      }
    },
    "@octokit/request-error": {
      "version": "2.0.3",
      "resolved": "https://registry.npmjs.org/@octokit/request-error/-/request-error-2.0.3.tgz",
      "integrity": "sha512-GgD5z8Btm301i2zfvJLk/mkhvGCdjQ7wT8xF9ov5noQY8WbKZDH9cOBqXzoeKd1mLr1xH2FwbtGso135zGBgTA==",
      "requires": {
        "@octokit/types": "^5.0.1",
        "deprecation": "^2.0.0",
        "once": "^1.4.0"
      }
    },
    "@octokit/rest": {
      "version": "18.0.9",
      "resolved": "https://registry.npmjs.org/@octokit/rest/-/rest-18.0.9.tgz",
      "integrity": "sha512-CC5+cIx974Ygx9lQNfUn7/oXDQ9kqGiKUC6j1A9bAVZZ7aoTF8K6yxu0pQhQrLBwSl92J6Z3iVDhGhGFgISCZg==",
      "requires": {
        "@octokit/core": "^3.0.0",
        "@octokit/plugin-paginate-rest": "^2.2.0",
        "@octokit/plugin-request-log": "^1.0.0",
        "@octokit/plugin-rest-endpoint-methods": "4.2.1"
      }
    },
    "@octokit/types": {
      "version": "5.5.0",
      "resolved": "https://registry.npmjs.org/@octokit/types/-/types-5.5.0.tgz",
      "integrity": "sha512-UZ1pErDue6bZNjYOotCNveTXArOMZQFG6hKJfOnGnulVCMcVVi7YIIuuR4WfBhjo7zgpmzn/BkPDnUXtNx+PcQ==",
      "requires": {
        "@types/node": ">= 8"
      }
    },
    "@types/node": {
      "version": "14.14.9",
      "resolved": "https://registry.npmjs.org/@types/node/-/node-14.14.9.tgz",
      "integrity": "sha512-JsoLXFppG62tWTklIoO4knA+oDTYsmqWxHRvd4lpmfQRNhX6osheUOWETP2jMoV/2bEHuMra8Pp3Dmo/stBFcw=="
    },
    "at-least-node": {
      "version": "1.0.0",
      "resolved": "https://registry.npmjs.org/at-least-node/-/at-least-node-1.0.0.tgz",
      "integrity": "sha512-+q/t7Ekv1EDY2l6Gda6LLiX14rU9TV20Wa3ofeQmwPFZbOMo9DXrLbOjFaaclkXKWidIaopwAObQDqwWtGUjqg=="
    },
    "before-after-hook": {
      "version": "2.1.0",
      "resolved": "https://registry.npmjs.org/before-after-hook/-/before-after-hook-2.1.0.tgz",
      "integrity": "sha512-IWIbu7pMqyw3EAJHzzHbWa85b6oud/yfKYg5rqB5hNE8CeMi3nX+2C2sj0HswfblST86hpVEOAb9x34NZd6P7A=="
    },
    "debug": {
      "version": "4.3.1",
      "resolved": "https://registry.npmjs.org/debug/-/debug-4.3.1.tgz",
      "integrity": "sha512-doEwdvm4PCeK4K3RQN2ZC2BYUBaxwLARCqZmMjtF8a51J2Rb0xpVloFRnCODwqjpwnAoao4pelN8l3RJdv3gRQ==",
      "requires": {
        "ms": "2.1.2"
      }
    },
    "deprecation": {
      "version": "2.3.1",
      "resolved": "https://registry.npmjs.org/deprecation/-/deprecation-2.3.1.tgz",
      "integrity": "sha512-xmHIy4F3scKVwMsQ4WnVaS8bHOx0DmVwRywosKhaILI0ywMDWPtBSku2HNxRvF7jtwDRsoEwYQSfbxj8b7RlJQ=="
    },
    "fs-extra": {
      "version": "9.0.1",
      "resolved": "https://registry.npmjs.org/fs-extra/-/fs-extra-9.0.1.tgz",
      "integrity": "sha512-h2iAoN838FqAFJY2/qVpzFXy+EBxfVE220PalAqQLDVsFOHLJrZvut5puAbCdNv6WJk+B8ihI+k0c7JK5erwqQ==",
      "requires": {
        "at-least-node": "^1.0.0",
        "graceful-fs": "^4.2.0",
        "jsonfile": "^6.0.1",
        "universalify": "^1.0.0"
      }
    },
    "graceful-fs": {
      "version": "4.2.4",
      "resolved": "https://registry.npmjs.org/graceful-fs/-/graceful-fs-4.2.4.tgz",
      "integrity": "sha512-WjKPNJF79dtJAVniUlGGWHYGz2jWxT6VhN/4m1NdkbZ2nOsEF+cI1Edgql5zCRhs/VsQYRvrXctxktVXZUkixw=="
    },
    "is-plain-object": {
      "version": "5.0.0",
      "resolved": "https://registry.npmjs.org/is-plain-object/-/is-plain-object-5.0.0.tgz",
      "integrity": "sha512-VRSzKkbMm5jMDoKLbltAkFQ5Qr7VDiTFGXxYFXXowVj387GeGNOCsOH6Msy00SGZ3Fp84b1Naa1psqgcCIEP5Q=="
    },
    "jsonfile": {
      "version": "6.1.0",
      "resolved": "https://registry.npmjs.org/jsonfile/-/jsonfile-6.1.0.tgz",
      "integrity": "sha512-5dgndWOriYSm5cnYaJNhalLNDKOqFwyDB/rr1E9ZsGciGvKPs8R2xYGCacuf3z6K1YKDz182fd+fY3cn3pMqXQ==",
      "requires": {
        "graceful-fs": "^4.1.6",
        "universalify": "^2.0.0"
      },
      "dependencies": {
        "universalify": {
          "version": "2.0.0",
          "resolved": "https://registry.npmjs.org/universalify/-/universalify-2.0.0.tgz",
          "integrity": "sha512-hAZsKq7Yy11Zu1DE0OzWjw7nnLZmJZYTDZZyEFHZdUhV8FkH5MCfoU1XMaxXovpyW5nq5scPqq0ZDP9Zyl04oQ=="
        }
      }
    },
    "ms": {
      "version": "2.1.2",
      "resolved": "https://registry.npmjs.org/ms/-/ms-2.1.2.tgz",
      "integrity": "sha512-sGkPx+VjMtmA6MX27oA4FBFELFCZZ4S4XqeGOXCv68tT+jb3vk/RyaKWP0PTKyWtmLSM0b+adUTEvbs1PEaH2w=="
    },
    "node-fetch": {
      "version": "2.6.1",
      "resolved": "https://registry.npmjs.org/node-fetch/-/node-fetch-2.6.1.tgz",
      "integrity": "sha512-V4aYg89jEoVRxRb2fJdAg8FHvI7cEyYdVAh94HH0UIK8oJxUfkjlDQN9RbMx+bEjP7+ggMiFRprSti032Oipxw=="
    },
    "once": {
      "version": "1.4.0",
      "resolved": "https://registry.npmjs.org/once/-/once-1.4.0.tgz",
      "integrity": "sha1-WDsap3WWHUsROsF9nFC6753Xa9E=",
      "requires": {
        "wrappy": "1"
      }
    },
    "simple-git": {
      "version": "2.23.0",
      "resolved": "https://registry.npmjs.org/simple-git/-/simple-git-2.23.0.tgz",
      "integrity": "sha512-s/gEkxFV2WGTN4kO1uQoA4cE4rq0FRzQPR5Yhgg8JUuA4IhOeccjlKSFhwF3rrpo7797ZvQc7L6hJJNA4szHCw==",
      "requires": {
        "@kwsites/file-exists": "^1.1.1",
        "@kwsites/promise-deferred": "^1.1.1",
        "debug": "^4.3.1"
      }
    },
    "universal-user-agent": {
      "version": "6.0.0",
      "resolved": "https://registry.npmjs.org/universal-user-agent/-/universal-user-agent-6.0.0.tgz",
      "integrity": "sha512-isyNax3wXoKaulPDZWHQqbmIx1k2tb9fb3GGDBRxCscfYV2Ch7WxPArBsFEG8s/safwXTT7H4QGhaIkTp9447w=="
    },
    "universalify": {
      "version": "1.0.0",
      "resolved": "https://registry.npmjs.org/universalify/-/universalify-1.0.0.tgz",
      "integrity": "sha512-rb6X1W158d7pRQBg5gkR8uPaSfiids68LTJQYOtEUhoJUWBdaQHsuT/EUduxXYxcrt4r5PJ4fuHW1MHT6p0qug=="
    },
    "wrappy": {
      "version": "1.0.2",
      "resolved": "https://registry.npmjs.org/wrappy/-/wrappy-1.0.2.tgz",
      "integrity": "sha1-tSQ9jz7BqjXxNkYFvA0QNuMKtp8="
    }
  }
}
